
Microsoft Visual Studio Solution File, Format Version 12.00
# Visual Studio Version 17
VisualStudioVersion = 17.1.32328.378
MinimumVisualStudioVersion = 10.0.40219.1
Project("{FAE04EC0-301F-11D3-BF4B-00C04F79EFBC}") = "HostelManagment", "HostelManagment\HostelManagment.csproj", "{0CE543E3-8D5B-4773-BF14-72E3F344E6C0}"
EndProject
Global
	GlobalSection(SolutionConfigurationPlatforms) = preSolution
		Debug|Any CPU = Debug|Any CPU
		Release|Any CPU = Release|Any CPU
	EndGlobalSection
	GlobalSection(ProjectConfigurationPlatforms) = postSolution
		{0CE543E3-8D5B-4773-BF14-72E3F344E6C0}.Debug|Any CPU.ActiveCfg = Debug|Any CPU
		{0CE543E3-8D5B-4773-BF14-72E3F344E6C0}.Debug|Any CPU.Build.0 = Debug|Any CPU
		{0CE543E3-8D5B-4773-BF14-72E3F344E6C0}.Release|Any CPU.ActiveCfg = Release|Any CPU
		{0CE543E3-8D5B-4773-BF14-72E3F344E6C0}.Release|Any CPU.Build.0 = Release|Any CPU
	EndGlobalSection
	GlobalSection(SolutionProperties) = preSolution
		HideSolutionNode = FALSE
	EndGlobalSection
	GlobalSection(ExtensibilityGlobals) = postSolution
		SolutionGuid = {C184977B-4384-4C87-BE6D-832E6B8FB45D}
	EndGlobalSection
EndGlobal
